
Microsoft Visual Studio Solution File, Format Version 12.00
# Visual Studio 15
VisualStudioVersion = 15.0.27130.2027
MinimumVisualStudioVersion = 10.0.40219.1
Project("{FAE04EC0-301F-11D3-BF4B-00C04F79EFBC}") = "Hercules", "Hercules\Hercules.csproj", "{45ACA3BD-EE5C-40AD-A38E-CC51A0FA863C}"
EndProject
Global
	GlobalSection(SolutionConfigurationPlatforms) = preSolution
		Debug|Any CPU = Debug|Any CPU
		Release|Any CPU = Release|Any CPU
	EndGlobalSection
	GlobalSection(ProjectConfigurationPlatforms) = postSolution
		{45ACA3BD-EE5C-40AD-A38E-CC51A0FA863C}.Debug|Any CPU.ActiveCfg = Debug|Any CPU
		{45ACA3BD-EE5C-40AD-A38E-CC51A0FA863C}.Debug|Any CPU.Build.0 = Debug|Any CPU
		{45ACA3BD-EE5C-40AD-A38E-CC51A0FA863C}.Release|Any CPU.ActiveCfg = Release|Any CPU
		{45ACA3BD-EE5C-40AD-A38E-CC51A0FA863C}.Release|Any CPU.Build.0 = Release|Any CPU
	EndGlobalSection
	GlobalSection(SolutionProperties) = preSolution
		HideSolutionNode = FALSE
	EndGlobalSection
	GlobalSection(ExtensibilityGlobals) = postSolution
		SolutionGuid = {498CBC4B-2883-4478-B53C-1E2E42D89EF8}
	EndGlobalSection
EndGlobal
